
Microsoft Visual Studio Solution File, Format Version 12.00
# Visual Studio Version 17
VisualStudioVersion = 17.0.31903.59
MinimumVisualStudioVersion = 10.0.40219.1
Project("{2150E333-8FDC-42A3-9474-1A3956D46DE8}") = "backend", "backend", "{1AE8ACA6-933B-BF2A-3671-3E2EAC007D16}"
EndProject
Project("{2150E333-8FDC-42A3-9474-1A3956D46DE8}") = "AuthService", "AuthService", "{F5FBE395-A9AA-0EC5-3054-FC66B787845B}"
EndProject
Project("{FAE04EC0-301F-11D3-BF4B-00C04F79EFBC}") = "DocumentManagementSystem.AuthService", "backend\AuthService\DocumentManagementSystem.AuthService.csproj", "{8C4AC69B-676A-4164-83DA-7794B40C57CB}"
EndProject
Project("{2150E333-8FDC-42A3-9474-1A3956D46DE8}") = "TenantManagementService", "TenantManagementService", "{4DA32692-5C5B-D8D0-38CE-D06CCC4D3D52}"
EndProject
Project("{FAE04EC0-301F-11D3-BF4B-00C04F79EFBC}") = "DocumentManagementSystem.TenantManagementService", "backend\TenantManagementService\DocumentManagementSystem.TenantManagementService.csproj", "{2122ED00-C4C6-49C8-B8E2-676C92768951}"
EndProject
Project("{2150E333-8FDC-42A3-9474-1A3956D46DE8}") = "DocumentService", "DocumentService", "{89214FB0-DD8B-A6D5-9D67-E8B3D341947F}"
EndProject
Project("{FAE04EC0-301F-11D3-BF4B-00C04F79EFBC}") = "DocumentManagementSystem.DocumentService", "backend\DocumentService\DocumentManagementSystem.DocumentService.csproj", "{58374C78-39D9-444B-B2C6-9397C9A9AFDA}"
EndProject
Project("{2150E333-8FDC-42A3-9474-1A3956D46DE8}") = "AIService", "AIService", "{7638FB26-5D04-F889-149F-E3858C0305B1}"
EndProject
Project("{FAE04EC0-301F-11D3-BF4B-00C04F79EFBC}") = "DocumentManagementSystem.AIService", "backend\AIService\DocumentManagementSystem.AIService.csproj", "{7ECC4F0E-9B91-4DFB-81B8-10D33F1868C9}"
EndProject
Project("{2150E333-8FDC-42A3-9474-1A3956D46DE8}") = "WorkflowService", "WorkflowService", "{39756FD5-7E9F-54E7-8B63-59A2AFBA7E34}"
EndProject
Project("{FAE04EC0-301F-11D3-BF4B-00C04F79EFBC}") = "DocumentManagementSystem.WorkflowService", "backend\WorkflowService\DocumentManagementSystem.WorkflowService.csproj", "{E45566AA-902D-4BE8-9938-EC10C65F6FCA}"
EndProject
Project("{2150E333-8FDC-42A3-9474-1A3956D46DE8}") = "FormService", "FormService", "{221AECB9-D250-8458-C84E-089E8A5371D4}"
EndProject
Project("{FAE04EC0-301F-11D3-BF4B-00C04F79EFBC}") = "DocumentManagementSystem.FormService", "backend\FormService\DocumentManagementSystem.FormService.csproj", "{423BA2C9-FD4E-4087-B5A3-80E4D6777F69}"
EndProject
Project("{2150E333-8FDC-42A3-9474-1A3956D46DE8}") = "ViewerService", "ViewerService", "{4A63732F-88F0-2B40-57E5-4C118FFC6216}"
EndProject
Project("{FAE04EC0-301F-11D3-BF4B-00C04F79EFBC}") = "DocumentManagementSystem.ViewerService", "backend\ViewerService\DocumentManagementSystem.ViewerService.csproj", "{D1297202-6654-4C93-84E1-559ED42314D8}"
EndProject
Project("{2150E333-8FDC-42A3-9474-1A3956D46DE8}") = "ImageProcessingService", "ImageProcessingService", "{488E25AB-DAD3-43E6-F4E7-A03D7AE3DD0B}"
EndProject
Project("{FAE04EC0-301F-11D3-BF4B-00C04F79EFBC}") = "DocumentManagementSystem.ImageProcessingService", "backend\ImageProcessingService\DocumentManagementSystem.ImageProcessingService.csproj", "{008A0BE6-11E8-4C3E-A6FE-1128AB8586B8}"
EndProject
Project("{2150E333-8FDC-42A3-9474-1A3956D46DE8}") = "ScanningService", "ScanningService", "{96ABC647-2CD3-16BF-280A-68636C664418}"
EndProject
Project("{FAE04EC0-301F-11D3-BF4B-00C04F79EFBC}") = "DocumentManagementSystem.ScanningService", "backend\ScanningService\DocumentManagementSystem.ScanningService.csproj", "{765C68C8-02E8-4562-AE4D-32BC98F75CF2}"
EndProject
Project("{2150E333-8FDC-42A3-9474-1A3956D46DE8}") = "IntegrationService", "IntegrationService", "{4BDECBBA-130E-C19D-4031-246E99ACE5AD}"
EndProject
Project("{FAE04EC0-301F-11D3-BF4B-00C04F79EFBC}") = "DocumentManagementSystem.IntegrationService", "backend\IntegrationService\DocumentManagementSystem.IntegrationService.csproj", "{4E7A612C-96D8-47C6-8062-937E4C04BF45}"
EndProject
Project("{2150E333-8FDC-42A3-9474-1A3956D46DE8}") = "Common", "Common", "{CD1F4F96-04C2-9CDD-1146-A4133699FB33}"
EndProject
Project("{FAE04EC0-301F-11D3-BF4B-00C04F79EFBC}") = "DocumentManagementSystem.Common", "backend\Common\DocumentManagementSystem.Common.csproj", "{A64374DE-459C-47C8-982F-43E3F9EB27C1}"
EndProject
Project("{2150E333-8FDC-42A3-9474-1A3956D46DE8}") = "Infrastructure", "Infrastructure", "{8D1106A4-B260-37DC-E636-64C7E8341F7E}"
EndProject
Project("{FAE04EC0-301F-11D3-BF4B-00C04F79EFBC}") = "DocumentManagementSystem.Infrastructure", "backend\Infrastructure\DocumentManagementSystem.Infrastructure.csproj", "{A8ED9EED-80CE-4BD7-9EF7-1062025B061E}"
EndProject
Global
	GlobalSection(SolutionConfigurationPlatforms) = preSolution
		Debug|Any CPU = Debug|Any CPU
		Debug|x64 = Debug|x64
		Debug|x86 = Debug|x86
		Release|Any CPU = Release|Any CPU
		Release|x64 = Release|x64
		Release|x86 = Release|x86
	EndGlobalSection
	GlobalSection(ProjectConfigurationPlatforms) = postSolution
		{8C4AC69B-676A-4164-83DA-7794B40C57CB}.Debug|Any CPU.ActiveCfg = Debug|Any CPU
		{8C4AC69B-676A-4164-83DA-7794B40C57CB}.Debug|Any CPU.Build.0 = Debug|Any CPU
		{8C4AC69B-676A-4164-83DA-7794B40C57CB}.Debug|x64.ActiveCfg = Debug|Any CPU
		{8C4AC69B-676A-4164-83DA-7794B40C57CB}.Debug|x64.Build.0 = Debug|Any CPU
		{8C4AC69B-676A-4164-83DA-7794B40C57CB}.Debug|x86.ActiveCfg = Debug|Any CPU
		{8C4AC69B-676A-4164-83DA-7794B40C57CB}.Debug|x86.Build.0 = Debug|Any CPU
		{8C4AC69B-676A-4164-83DA-7794B40C57CB}.Release|Any CPU.ActiveCfg = Release|Any CPU
		{8C4AC69B-676A-4164-83DA-7794B40C57CB}.Release|Any CPU.Build.0 = Release|Any CPU
		{8C4AC69B-676A-4164-83DA-7794B40C57CB}.Release|x64.ActiveCfg = Release|Any CPU
		{8C4AC69B-676A-4164-83DA-7794B40C57CB}.Release|x64.Build.0 = Release|Any CPU
		{8C4AC69B-676A-4164-83DA-7794B40C57CB}.Release|x86.ActiveCfg = Release|Any CPU
		{8C4AC69B-676A-4164-83DA-7794B40C57CB}.Release|x86.Build.0 = Release|Any CPU
		{2122ED00-C4C6-49C8-B8E2-676C92768951}.Debug|Any CPU.ActiveCfg = Debug|Any CPU
		{2122ED00-C4C6-49C8-B8E2-676C92768951}.Debug|Any CPU.Build.0 = Debug|Any CPU
		{2122ED00-C4C6-49C8-B8E2-676C92768951}.Debug|x64.ActiveCfg = Debug|Any CPU
		{2122ED00-C4C6-49C8-B8E2-676C92768951}.Debug|x64.Build.0 = Debug|Any CPU
		{2122ED00-C4C6-49C8-B8E2-676C92768951}.Debug|x86.ActiveCfg = Debug|Any CPU
		{2122ED00-C4C6-49C8-B8E2-676C92768951}.Debug|x86.Build.0 = Debug|Any CPU
		{2122ED00-C4C6-49C8-B8E2-676C92768951}.Release|Any CPU.ActiveCfg = Release|Any CPU
		{2122ED00-C4C6-49C8-B8E2-676C92768951}.Release|Any CPU.Build.0 = Release|Any CPU
		{2122ED00-C4C6-49C8-B8E2-676C92768951}.Release|x64.ActiveCfg = Release|Any CPU
		{2122ED00-C4C6-49C8-B8E2-676C92768951}.Release|x64.Build.0 = Release|Any CPU
		{2122ED00-C4C6-49C8-B8E2-676C92768951}.Release|x86.ActiveCfg = Release|Any CPU
		{2122ED00-C4C6-49C8-B8E2-676C92768951}.Release|x86.Build.0 = Release|Any CPU
		{58374C78-39D9-444B-B2C6-9397C9A9AFDA}.Debug|Any CPU.ActiveCfg = Debug|Any CPU
		{58374C78-39D9-444B-B2C6-9397C9A9AFDA}.Debug|Any CPU.Build.0 = Debug|Any CPU
		{58374C78-39D9-444B-B2C6-9397C9A9AFDA}.Debug|x64.ActiveCfg = Debug|Any CPU
		{58374C78-39D9-444B-B2C6-9397C9A9AFDA}.Debug|x64.Build.0 = Debug|Any CPU
		{58374C78-39D9-444B-B2C6-9397C9A9AFDA}.Debug|x86.ActiveCfg = Debug|Any CPU
		{58374C78-39D9-444B-B2C6-9397C9A9AFDA}.Debug|x86.Build.0 = Debug|Any CPU
		{58374C78-39D9-444B-B2C6-9397C9A9AFDA}.Release|Any CPU.ActiveCfg = Release|Any CPU
		{58374C78-39D9-444B-B2C6-9397C9A9AFDA}.Release|Any CPU.Build.0 = Release|Any CPU
		{58374C78-39D9-444B-B2C6-9397C9A9AFDA}.Release|x64.ActiveCfg = Release|Any CPU
		{58374C78-39D9-444B-B2C6-9397C9A9AFDA}.Release|x64.Build.0 = Release|Any CPU
		{58374C78-39D9-444B-B2C6-9397C9A9AFDA}.Release|x86.ActiveCfg = Release|Any CPU
		{58374C78-39D9-444B-B2C6-9397C9A9AFDA}.Release|x86.Build.0 = Release|Any CPU
		{7ECC4F0E-9B91-4DFB-81B8-10D33F1868C9}.Debug|Any CPU.ActiveCfg = Debug|Any CPU
		{7ECC4F0E-9B91-4DFB-81B8-10D33F1868C9}.Debug|Any CPU.Build.0 = Debug|Any CPU
		{7ECC4F0E-9B91-4DFB-81B8-10D33F1868C9}.Debug|x64.ActiveCfg = Debug|Any CPU
		{7ECC4F0E-9B91-4DFB-81B8-10D33F1868C9}.Debug|x64.Build.0 = Debug|Any CPU
		{7ECC4F0E-9B91-4DFB-81B8-10D33F1868C9}.Debug|x86.ActiveCfg = Debug|Any CPU
		{7ECC4F0E-9B91-4DFB-81B8-10D33F1868C9}.Debug|x86.Build.0 = Debug|Any CPU
		{7ECC4F0E-9B91-4DFB-81B8-10D33F1868C9}.Release|Any CPU.ActiveCfg = Release|Any CPU
		{7ECC4F0E-9B91-4DFB-81B8-10D33F1868C9}.Release|Any CPU.Build.0 = Release|Any CPU
		{7ECC4F0E-9B91-4DFB-81B8-10D33F1868C9}.Release|x64.ActiveCfg = Release|Any CPU
		{7ECC4F0E-9B91-4DFB-81B8-10D33F1868C9}.Release|x64.Build.0 = Release|Any CPU
		{7ECC4F0E-9B91-4DFB-81B8-10D33F1868C9}.Release|x86.ActiveCfg = Release|Any CPU
		{7ECC4F0E-9B91-4DFB-81B8-10D33F1868C9}.Release|x86.Build.0 = Release|Any CPU
		{E45566AA-902D-4BE8-9938-EC10C65F6FCA}.Debug|Any CPU.ActiveCfg = Debug|Any CPU
		{E45566AA-902D-4BE8-9938-EC10C65F6FCA}.Debug|Any CPU.Build.0 = Debug|Any CPU
		{E45566AA-902D-4BE8-9938-EC10C65F6FCA}.Debug|x64.ActiveCfg = Debug|Any CPU
		{E45566AA-902D-4BE8-9938-EC10C65F6FCA}.Debug|x64.Build.0 = Debug|Any CPU
		{E45566AA-902D-4BE8-9938-EC10C65F6FCA}.Debug|x86.ActiveCfg = Debug|Any CPU
		{E45566AA-902D-4BE8-9938-EC10C65F6FCA}.Debug|x86.Build.0 = Debug|Any CPU
		{E45566AA-902D-4BE8-9938-EC10C65F6FCA}.Release|Any CPU.ActiveCfg = Release|Any CPU
		{E45566AA-902D-4BE8-9938-EC10C65F6FCA}.Release|Any CPU.Build.0 = Release|Any CPU
		{E45566AA-902D-4BE8-9938-EC10C65F6FCA}.Release|x64.ActiveCfg = Release|Any CPU
		{E45566AA-902D-4BE8-9938-EC10C65F6FCA}.Release|x64.Build.0 = Release|Any CPU
		{E45566AA-902D-4BE8-9938-EC10C65F6FCA}.Release|x86.ActiveCfg = Release|Any CPU
		{E45566AA-902D-4BE8-9938-EC10C65F6FCA}.Release|x86.Build.0 = Release|Any CPU
		{423BA2C9-FD4E-4087-B5A3-80E4D6777F69}.Debug|Any CPU.ActiveCfg = Debug|Any CPU
		{423BA2C9-FD4E-4087-B5A3-80E4D6777F69}.Debug|Any CPU.Build.0 = Debug|Any CPU
		{423BA2C9-FD4E-4087-B5A3-80E4D6777F69}.Debug|x64.ActiveCfg = Debug|Any CPU
		{423BA2C9-FD4E-4087-B5A3-80E4D6777F69}.Debug|x64.Build.0 = Debug|Any CPU
		{423BA2C9-FD4E-4087-B5A3-80E4D6777F69}.Debug|x86.ActiveCfg = Debug|Any CPU
		{423BA2C9-FD4E-4087-B5A3-80E4D6777F69}.Debug|x86.Build.0 = Debug|Any CPU
		{423BA2C9-FD4E-4087-B5A3-80E4D6777F69}.Release|Any CPU.ActiveCfg = Release|Any CPU
		{423BA2C9-FD4E-4087-B5A3-80E4D6777F69}.Release|Any CPU.Build.0 = Release|Any CPU
		{423BA2C9-FD4E-4087-B5A3-80E4D6777F69}.Release|x64.ActiveCfg = Release|Any CPU
		{423BA2C9-FD4E-4087-B5A3-80E4D6777F69}.Release|x64.Build.0 = Release|Any CPU
		{423BA2C9-FD4E-4087-B5A3-80E4D6777F69}.Release|x86.ActiveCfg = Release|Any CPU
		{423BA2C9-FD4E-4087-B5A3-80E4D6777F69}.Release|x86.Build.0 = Release|Any CPU
		{D1297202-6654-4C93-84E1-559ED42314D8}.Debug|Any CPU.ActiveCfg = Debug|Any CPU
		{D1297202-6654-4C93-84E1-559ED42314D8}.Debug|Any CPU.Build.0 = Debug|Any CPU
		{D1297202-6654-4C93-84E1-559ED42314D8}.Debug|x64.ActiveCfg = Debug|Any CPU
		{D1297202-6654-4C93-84E1-559ED42314D8}.Debug|x64.Build.0 = Debug|Any CPU
		{D1297202-6654-4C93-84E1-559ED42314D8}.Debug|x86.ActiveCfg = Debug|Any CPU
		{D1297202-6654-4C93-84E1-559ED42314D8}.Debug|x86.Build.0 = Debug|Any CPU
		{D1297202-6654-4C93-84E1-559ED42314D8}.Release|Any CPU.ActiveCfg = Release|Any CPU
		{D1297202-6654-4C93-84E1-559ED42314D8}.Release|Any CPU.Build.0 = Release|Any CPU
		{D1297202-6654-4C93-84E1-559ED42314D8}.Release|x64.ActiveCfg = Release|Any CPU
		{D1297202-6654-4C93-84E1-559ED42314D8}.Release|x64.Build.0 = Release|Any CPU
		{D1297202-6654-4C93-84E1-559ED42314D8}.Release|x86.ActiveCfg = Release|Any CPU
		{D1297202-6654-4C93-84E1-559ED42314D8}.Release|x86.Build.0 = Release|Any CPU
		{008A0BE6-11E8-4C3E-A6FE-1128AB8586B8}.Debug|Any CPU.ActiveCfg = Debug|Any CPU
		{008A0BE6-11E8-4C3E-A6FE-1128AB8586B8}.Debug|Any CPU.Build.0 = Debug|Any CPU
		{008A0BE6-11E8-4C3E-A6FE-1128AB8586B8}.Debug|x64.ActiveCfg = Debug|Any CPU
		{008A0BE6-11E8-4C3E-A6FE-1128AB8586B8}.Debug|x64.Build.0 = Debug|Any CPU
		{008A0BE6-11E8-4C3E-A6FE-1128AB8586B8}.Debug|x86.ActiveCfg = Debug|Any CPU
		{008A0BE6-11E8-4C3E-A6FE-1128AB8586B8}.Debug|x86.Build.0 = Debug|Any CPU
		{008A0BE6-11E8-4C3E-A6FE-1128AB8586B8}.Release|Any CPU.ActiveCfg = Release|Any CPU
		{008A0BE6-11E8-4C3E-A6FE-1128AB8586B8}.Release|Any CPU.Build.0 = Release|Any CPU
		{008A0BE6-11E8-4C3E-A6FE-1128AB8586B8}.Release|x64.ActiveCfg = Release|Any CPU
		{008A0BE6-11E8-4C3E-A6FE-1128AB8586B8}.Release|x64.Build.0 = Release|Any CPU
		{008A0BE6-11E8-4C3E-A6FE-1128AB8586B8}.Release|x86.ActiveCfg = Release|Any CPU
		{008A0BE6-11E8-4C3E-A6FE-1128AB8586B8}.Release|x86.Build.0 = Release|Any CPU
		{765C68C8-02E8-4562-AE4D-32BC98F75CF2}.Debug|Any CPU.ActiveCfg = Debug|Any CPU
		{765C68C8-02E8-4562-AE4D-32BC98F75CF2}.Debug|Any CPU.Build.0 = Debug|Any CPU
		{765C68C8-02E8-4562-AE4D-32BC98F75CF2}.Debug|x64.ActiveCfg = Debug|Any CPU
		{765C68C8-02E8-4562-AE4D-32BC98F75CF2}.Debug|x64.Build.0 = Debug|Any CPU
		{765C68C8-02E8-4562-AE4D-32BC98F75CF2}.Debug|x86.ActiveCfg = Debug|Any CPU
		{765C68C8-02E8-4562-AE4D-32BC98F75CF2}.Debug|x86.Build.0 = Debug|Any CPU
		{765C68C8-02E8-4562-AE4D-32BC98F75CF2}.Release|Any CPU.ActiveCfg = Release|Any CPU
		{765C68C8-02E8-4562-AE4D-32BC98F75CF2}.Release|Any CPU.Build.0 = Release|Any CPU
		{765C68C8-02E8-4562-AE4D-32BC98F75CF2}.Release|x64.ActiveCfg = Release|Any CPU
		{765C68C8-02E8-4562-AE4D-32BC98F75CF2}.Release|x64.Build.0 = Release|Any CPU
		{765C68C8-02E8-4562-AE4D-32BC98F75CF2}.Release|x86.ActiveCfg = Release|Any CPU
		{765C68C8-02E8-4562-AE4D-32BC98F75CF2}.Release|x86.Build.0 = Release|Any CPU
		{4E7A612C-96D8-47C6-8062-937E4C04BF45}.Debug|Any CPU.ActiveCfg = Debug|Any CPU
		{4E7A612C-96D8-47C6-8062-937E4C04BF45}.Debug|Any CPU.Build.0 = Debug|Any CPU
		{4E7A612C-96D8-47C6-8062-937E4C04BF45}.Debug|x64.ActiveCfg = Debug|Any CPU
		{4E7A612C-96D8-47C6-8062-937E4C04BF45}.Debug|x64.Build.0 = Debug|Any CPU
		{4E7A612C-96D8-47C6-8062-937E4C04BF45}.Debug|x86.ActiveCfg = Debug|Any CPU
		{4E7A612C-96D8-47C6-8062-937E4C04BF45}.Debug|x86.Build.0 = Debug|Any CPU
		{4E7A612C-96D8-47C6-8062-937E4C04BF45}.Release|Any CPU.ActiveCfg = Release|Any CPU
		{4E7A612C-96D8-47C6-8062-937E4C04BF45}.Release|Any CPU.Build.0 = Release|Any CPU
		{4E7A612C-96D8-47C6-8062-937E4C04BF45}.Release|x64.ActiveCfg = Release|Any CPU
		{4E7A612C-96D8-47C6-8062-937E4C04BF45}.Release|x64.Build.0 = Release|Any CPU
		{4E7A612C-96D8-47C6-8062-937E4C04BF45}.Release|x86.ActiveCfg = Release|Any CPU
		{4E7A612C-96D8-47C6-8062-937E4C04BF45}.Release|x86.Build.0 = Release|Any CPU
		{A64374DE-459C-47C8-982F-43E3F9EB27C1}.Debug|Any CPU.ActiveCfg = Debug|Any CPU
		{A64374DE-459C-47C8-982F-43E3F9EB27C1}.Debug|Any CPU.Build.0 = Debug|Any CPU
		{A64374DE-459C-47C8-982F-43E3F9EB27C1}.Debug|x64.ActiveCfg = Debug|Any CPU
		{A64374DE-459C-47C8-982F-43E3F9EB27C1}.Debug|x64.Build.0 = Debug|Any CPU
		{A64374DE-459C-47C8-982F-43E3F9EB27C1}.Debug|x86.ActiveCfg = Debug|Any CPU
		{A64374DE-459C-47C8-982F-43E3F9EB27C1}.Debug|x86.Build.0 = Debug|Any CPU
		{A64374DE-459C-47C8-982F-43E3F9EB27C1}.Release|Any CPU.ActiveCfg = Release|Any CPU
		{A64374DE-459C-47C8-982F-43E3F9EB27C1}.Release|Any CPU.Build.0 = Release|Any CPU
		{A64374DE-459C-47C8-982F-43E3F9EB27C1}.Release|x64.ActiveCfg = Release|Any CPU
		{A64374DE-459C-47C8-982F-43E3F9EB27C1}.Release|x64.Build.0 = Release|Any CPU
		{A64374DE-459C-47C8-982F-43E3F9EB27C1}.Release|x86.ActiveCfg = Release|Any CPU
		{A64374DE-459C-47C8-982F-43E3F9EB27C1}.Release|x86.Build.0 = Release|Any CPU
		{A8ED9EED-80CE-4BD7-9EF7-1062025B061E}.Debug|Any CPU.ActiveCfg = Debug|Any CPU
		{A8ED9EED-80CE-4BD7-9EF7-1062025B061E}.Debug|Any CPU.Build.0 = Debug|Any CPU
		{A8ED9EED-80CE-4BD7-9EF7-1062025B061E}.Debug|x64.ActiveCfg = Debug|Any CPU
		{A8ED9EED-80CE-4BD7-9EF7-1062025B061E}.Debug|x64.Build.0 = Debug|Any CPU
		{A8ED9EED-80CE-4BD7-9EF7-1062025B061E}.Debug|x86.ActiveCfg = Debug|Any CPU
		{A8ED9EED-80CE-4BD7-9EF7-1062025B061E}.Debug|x86.Build.0 = Debug|Any CPU
		{A8ED9EED-80CE-4BD7-9EF7-1062025B061E}.Release|Any CPU.ActiveCfg = Release|Any CPU
		{A8ED9EED-80CE-4BD7-9EF7-1062025B061E}.Release|Any CPU.Build.0 = Release|Any CPU
		{A8ED9EED-80CE-4BD7-9EF7-1062025B061E}.Release|x64.ActiveCfg = Release|Any CPU
		{A8ED9EED-80CE-4BD7-9EF7-1062025B061E}.Release|x64.Build.0 = Release|Any CPU
		{A8ED9EED-80CE-4BD7-9EF7-1062025B061E}.Release|x86.ActiveCfg = Release|Any CPU
		{A8ED9EED-80CE-4BD7-9EF7-1062025B061E}.Release|x86.Build.0 = Release|Any CPU
	EndGlobalSection
	GlobalSection(SolutionProperties) = preSolution
		HideSolutionNode = FALSE
	EndGlobalSection
	GlobalSection(NestedProjects) = preSolution
		{F5FBE395-A9AA-0EC5-3054-FC66B787845B} = {1AE8ACA6-933B-BF2A-3671-3E2EAC007D16}
		{8C4AC69B-676A-4164-83DA-7794B40C57CB} = {F5FBE395-A9AA-0EC5-3054-FC66B787845B}
		{4DA32692-5C5B-D8D0-38CE-D06CCC4D3D52} = {1AE8ACA6-933B-BF2A-3671-3E2EAC007D16}
		{2122ED00-C4C6-49C8-B8E2-676C92768951} = {4DA32692-5C5B-D8D0-38CE-D06CCC4D3D52}
		{89214FB0-DD8B-A6D5-9D67-E8B3D341947F} = {1AE8ACA6-933B-BF2A-3671-3E2EAC007D16}
		{58374C78-39D9-444B-B2C6-9397C9A9AFDA} = {89214FB0-DD8B-A6D5-9D67-E8B3D341947F}
		{7638FB26-5D04-F889-149F-E3858C0305B1} = {1AE8ACA6-933B-BF2A-3671-3E2EAC007D16}
		{7ECC4F0E-9B91-4DFB-81B8-10D33F1868C9} = {7638FB26-5D04-F889-149F-E3858C0305B1}
		{39756FD5-7E9F-54E7-8B63-59A2AFBA7E34} = {1AE8ACA6-933B-BF2A-3671-3E2EAC007D16}
		{E45566AA-902D-4BE8-9938-EC10C65F6FCA} = {39756FD5-7E9F-54E7-8B63-59A2AFBA7E34}
		{221AECB9-D250-8458-C84E-089E8A5371D4} = {1AE8ACA6-933B-BF2A-3671-3E2EAC007D16}
		{423BA2C9-FD4E-4087-B5A3-80E4D6777F69} = {221AECB9-D250-8458-C84E-089E8A5371D4}
		{4A63732F-88F0-2B40-57E5-4C118FFC6216} = {1AE8ACA6-933B-BF2A-3671-3E2EAC007D16}
		{D1297202-6654-4C93-84E1-559ED42314D8} = {4A63732F-88F0-2B40-57E5-4C118FFC6216}
		{488E25AB-DAD3-43E6-F4E7-A03D7AE3DD0B} = {1AE8ACA6-933B-BF2A-3671-3E2EAC007D16}
		{008A0BE6-11E8-4C3E-A6FE-1128AB8586B8} = {488E25AB-DAD3-43E6-F4E7-A03D7AE3DD0B}
		{96ABC647-2CD3-16BF-280A-68636C664418} = {1AE8ACA6-933B-BF2A-3671-3E2EAC007D16}
		{765C68C8-02E8-4562-AE4D-32BC98F75CF2} = {96ABC647-2CD3-16BF-280A-68636C664418}
		{4BDECBBA-130E-C19D-4031-246E99ACE5AD} = {1AE8ACA6-933B-BF2A-3671-3E2EAC007D16}
		{4E7A612C-96D8-47C6-8062-937E4C04BF45} = {4BDECBBA-130E-C19D-4031-246E99ACE5AD}
		{CD1F4F96-04C2-9CDD-1146-A4133699FB33} = {1AE8ACA6-933B-BF2A-3671-3E2EAC007D16}
		{A64374DE-459C-47C8-982F-43E3F9EB27C1} = {CD1F4F96-04C2-9CDD-1146-A4133699FB33}
		{8D1106A4-B260-37DC-E636-64C7E8341F7E} = {1AE8ACA6-933B-BF2A-3671-3E2EAC007D16}
		{A8ED9EED-80CE-4BD7-9EF7-1062025B061E} = {8D1106A4-B260-37DC-E636-64C7E8341F7E}
	EndGlobalSection
EndGlobal
